
Microsoft Visual Studio Solution File, Format Version 12.00
# Visual Studio Version 16
VisualStudioVersion = 16.0.810.22
MinimumVisualStudioVersion = 10.0.40219.1
Project("{FAE04EC0-301F-11D3-BF4B-00C04F79EFBC}") = "Console_Application", "Console_Application.csproj", "{5C9F6F93-E726-4DD0-A14B-E97ED5FD372F}"
EndProject
Global
	GlobalSection(SolutionConfigurationPlatforms) = preSolution
		Debug|Any CPU = Debug|Any CPU
		Release|Any CPU = Release|Any CPU
	EndGlobalSection
	GlobalSection(ProjectConfigurationPlatforms) = postSolution
		{5C9F6F93-E726-4DD0-A14B-E97ED5FD372F}.Debug|Any CPU.ActiveCfg = Debug|Any CPU
		{5C9F6F93-E726-4DD0-A14B-E97ED5FD372F}.Debug|Any CPU.Build.0 = Debug|Any CPU
		{5C9F6F93-E726-4DD0-A14B-E97ED5FD372F}.Release|Any CPU.ActiveCfg = Release|Any CPU
		{5C9F6F93-E726-4DD0-A14B-E97ED5FD372F}.Release|Any CPU.Build.0 = Release|Any CPU
	EndGlobalSection
	GlobalSection(SolutionProperties) = preSolution
		HideSolutionNode = FALSE
	EndGlobalSection
	GlobalSection(ExtensibilityGlobals) = postSolution
		SolutionGuid = {B53C563A-EBC6-4C96-BDDA-7EE75E4BACE0}
	EndGlobalSection
EndGlobal
